<?xml version="1.0" encoding="utf-8"?>
<Project ToolsVersion="4.0" xmlns="http://schemas.microsoft.com/developer/msbuild/2003">
  <ItemGroup>
    <Filter Include="Source Files">
      <UniqueIdentifier>{4FC737F1-C7A5-4376-A066-2A32D752A2FF}</UniqueIdentifier>
      <Extensions>cpp;c;cc;cxx;def;odl;idl;hpj;bat;asm;asmx</Extensions>
    </Filter>
    <Filter Include="Header Files">
      <UniqueIdentifier>{93995380-89BD-4b04-88EB-625FBE52EBFB}</UniqueIdentifier>
      <Extensions>h;hpp;hxx;hm;inl;inc;xsd</Extensions>
    </Filter>
    <Filter Include="Resource Files">
      <UniqueIdentifier>{67DA6AB6-F800-4c08-8B7A-83BB121AAD01}</UniqueIdentifier>
      <Extensions>rc;ico;cur;bmp;dlg;rc2;rct;bin;rgs;gif;jpg;jpeg;jpe;resx;tiff;tif;png;wav;mfcribbon-ms</Extensions>
    </Filter>
    <Filter Include="Header Files\GameMath">
      <UniqueIdentifier>{a9d30450-d374-4522-8f1b-38d437e6d032}</UniqueIdentifier>
    </Filter>
    <Filter Include="Source Files\GameMath">
      <UniqueIdentifier>{b05d36f7-3551-4210-a463-a680865bd0ab}</UniqueIdentifier>
    </Filter>
    <Filter Include="Source Files\TinyXML2">
      <UniqueIdentifier>{1845ced3-25f3-489a-8826-e1602ae5909a}</UniqueIdentifier>
    </Filter>
  </ItemGroup>
  <ItemGroup>
    <ClCompile Include="..\thirdparty\gamemath\EulerAngles.cpp">
      <Filter>Source Files\GameMath</Filter>
    </ClCompile>
    <ClCompile Include="..\thirdparty\gamemath\MathUtil.cpp">
      <Filter>Source Files\GameMath</Filter>
    </ClCompile>
    <ClCompile Include="..\thirdparty\gamemath\Matrix4x3.cpp">
      <Filter>Source Files\GameMath</Filter>
    </ClCompile>
    <ClCompile Include="..\thirdparty\gamemath\Quaternion.cpp">
      <Filter>Source Files\GameMath</Filter>
    </ClCompile>
    <ClCompile Include="..\thirdparty\gamemath\RotationMatrix.cpp">
      <Filter>Source Files\GameMath</Filter>
    </ClCompile>
    <ClCompile Include="..\src\Components.cpp">
      <Filter>Source Files</Filter>
    </ClCompile>
    <ClCompile Include="..\src\CameraSystem.cpp">
      <Filter>Source Files</Filter>
    </ClCompile>
    <ClCompile Include="..\src\DebugSystems.cpp">
      <Filter>Source Files</Filter>
    </ClCompile>
    <ClCompile Include="..\src\MinimapSystem.cpp">
      <Filter>Source Files</Filter>
    </ClCompile>
    <ClCompile Include="..\src\RenderSystem.cpp">
      <Filter>Source Files</Filter>
    </ClCompile>
    <ClCompile Include="..\src\Main.cpp">
      <Filter>Source Files</Filter>
    </ClCompile>
    <ClCompile Include="..\src\EntityFactory.cpp">
      <Filter>Source Files</Filter>
    </ClCompile>
    <ClCompile Include="..\thirdparty\tinyxml2.cpp">
      <Filter>Source Files\TinyXML2</Filter>
    </ClCompile>
    <ClCompile Include="..\src\LevelEditor.cpp">
      <Filter>Source Files</Filter>
    </ClCompile>
    <ClCompile Include="..\src\ResourceManager.cpp">
      <Filter>Source Files</Filter>
    </ClCompile>
    <ClCompile Include="..\src\Game.cpp">
      <Filter>Source Files</Filter>
    </ClCompile>
    <ClCompile Include="..\src\SelectionSystem.cpp">
      <Filter>Source Files</Filter>
    </ClCompile>
    <ClCompile Include="..\src\BiomeSystem.cpp">
      <Filter>Source Files</Filter>
    </ClCompile>
    <ClCompile Include="..\src\CommandSystem.cpp">
      <Filter>Source Files</Filter>
    </ClCompile>
  </ItemGroup>
  <ItemGroup>
    <ClInclude Include="..\thirdparty\gamemath\vector3.h">
      <Filter>Header Files\GameMath</Filter>
    </ClInclude>
    <ClInclude Include="..\thirdparty\gamemath\EulerAngles.h">
      <Filter>Header Files\GameMath</Filter>
    </ClInclude>
    <ClInclude Include="..\thirdparty\gamemath\Font.h">
      <Filter>Header Files\GameMath</Filter>
    </ClInclude>
    <ClInclude Include="..\thirdparty\gamemath\MathUtil.h">
      <Filter>Header Files\GameMath</Filter>
    </ClInclude>
    <ClInclude Include="..\thirdparty\gamemath\Matrix4x3.h">
      <Filter>Header Files\GameMath</Filter>
    </ClInclude>
    <ClInclude Include="..\thirdparty\gamemath\Model.h">
      <Filter>Header Files\GameMath</Filter>
    </ClInclude>
    <ClInclude Include="..\thirdparty\gamemath\Quaternion.h">
      <Filter>Header Files\GameMath</Filter>
    </ClInclude>
    <ClInclude Include="..\thirdparty\gamemath\RotationMatrix.h">
      <Filter>Header Files\GameMath</Filter>
    </ClInclude>
    <ClInclude Include="..\src\Components.h">
      <Filter>Header Files</Filter>
    </ClInclude>
    <ClInclude Include="..\src\ProcessingSystem.h">
      <Filter>Header Files</Filter>
    </ClInclude>
    <ClInclude Include="..\src\CameraSystem.h">
      <Filter>Header Files</Filter>
    </ClInclude>
    <ClInclude Include="..\src\DebugSystems.h">
      <Filter>Header Files</Filter>
    </ClInclude>
    <ClInclude Include="..\src\MinimapSystem.h">
      <Filter>Header Files</Filter>
    </ClInclude>
    <ClInclude Include="..\src\RenderSystem.h">
      <Filter>Header Files</Filter>
    </ClInclude>
    <ClInclude Include="..\src\EntityFactory.h">
      <Filter>Header Files</Filter>
    </ClInclude>
    <ClInclude Include="..\src\LevelEditor.h">
      <Filter>Header Files</Filter>
    </ClInclude>
    <ClInclude Include="..\src\ResourceManager.h">
      <Filter>Header Files</Filter>
    </ClInclude>
    <ClInclude Include="..\src\Game.h">
      <Filter>Header Files</Filter>
    </ClInclude>
    <ClInclude Include="..\src\SelectionSystem.h">
      <Filter>Header Files</Filter>
    </ClInclude>
    <ClInclude Include="..\src\BiomeSystem.h">
      <Filter>Header Files</Filter>
    </ClInclude>
    <ClInclude Include="..\src\CommandSystem.h">
      <Filter>Header Files</Filter>
    </ClInclude>
  </ItemGroup>
  <ItemGroup>
    <None Include="ClassDiagram.cd" />
  </ItemGroup>
</Project>